// !$*UTF8*$!
{
	archiveVersion = 1;
	classes = {
	};
	objectVersion = 48;
	objects = {

/* Begin PBXBuildFile section */
		C4E4B3A52029D00F009A2B66 /* AppDelegate.swift in Sources */ = {isa = PBXBuildFile; fileRef = C4E4B3A42029D00F009A2B66 /* AppDelegate.swift */; };
		C4E4B3A72029D00F009A2B66 /* ViewController.swift in Sources */ = {isa = PBXBuildFile; fileRef = C4E4B3A62029D00F009A2B66 /* ViewController.swift */; };
		C4E4B3AA2029D00F009A2B66 /* Main.storyboard in Resources */ = {isa = PBXBuildFile; fileRef = C4E4B3A82029D00F009A2B66 /* Main.storyboard */; };
		C4E4B3AC2029D00F009A2B66 /* Assets.xcassets in Resources */ = {isa = PBXBuildFile; fileRef = C4E4B3AB2029D00F009A2B66 /* Assets.xcassets */; };
		C4E4B3AF2029D00F009A2B66 /* LaunchScreen.storyboard in Resources */ = {isa = PBXBuildFile; fileRef = C4E4B3AD2029D00F009A2B66 /* LaunchScreen.storyboard */; };
		C4E4B3B72029D02C009A2B66 /* Dynamic.swift in Sources */ = {isa = PBXBuildFile; fileRef = C4E4B3B62029D02C009A2B66 /* Dynamic.swift */; };
		C4E4B3B92029D2E5009A2B66 /* MovieViewModel.swift in Sources */ = {isa = PBXBuildFile; fileRef = C4E4B3B82029D2E5009A2B66 /* MovieViewModel.swift */; };
		C4E4B3BB2029D392009A2B66 /* Movie.swift in Sources */ = {isa = PBXBuildFile; fileRef = C4E4B3BA2029D392009A2B66 /* Movie.swift */; };
/* End PBXBuildFile section */

/* Begin PBXFileReference section */
		C4E4B3A12029D00F009A2B66 /* MVVM.app */ = {isa = PBXFileReference; explicitFileType = wrapper.application; includeInIndex = 0; path = MVVM.app; sourceTree = BUILT_PRODUCTS_DIR; };
		C4E4B3A42029D00F009A2B66 /* AppDelegate.swift */ = {isa = PBXFileReference; lastKnownFileType = sourcecode.swift; path = AppDelegate.swift; sourceTree = "<group>"; };
		C4E4B3A62029D00F009A2B66 /* ViewController.swift */ = {isa = PBXFileReference; lastKnownFileType = sourcecode.swift; path = ViewController.swift; sourceTree = "<group>"; };
		C4E4B3A92029D00F009A2B66 /* Base */ = {isa = PBXFileReference; lastKnownFileType = file.storyboard; name = Base; path = Base.lproj/Main.storyboard; sourceTree = "<group>"; };
		C4E4B3AB2029D00F009A2B66 /* Assets.xcassets */ = {isa = PBXFileReference; lastKnownFileType = folder.assetcatalog; path = Assets.xcassets; sourceTree = "<group>"; };
		C4E4B3AE2029D00F009A2B66 /* Base */ = {isa = PBXFileReference; lastKnownFileType = file.storyboard; name = Base; path = Base.lproj/LaunchScreen.storyboard; sourceTree = "<group>"; };
		C4E4B3B02029D00F009A2B66 /* Info.plist */ = {isa = PBXFileReference; lastKnownFileType = text.plist.xml; path = Info.plist; sourceTree = "<group>"; };
		C4E4B3B62029D02C009A2B66 /* Dynamic.swift */ = {isa = PBXFileReference; lastKnownFileType = sourcecode.swift; path = Dynamic.swift; sourceTree = "<group>"; };
		C4E4B3B82029D2E5009A2B66 /* MovieViewModel.swift */ = {isa = PBXFileReference; lastKnownFileType = sourcecode.swift; path = MovieViewModel.swift; sourceTree = "<group>"; };
		C4E4B3BA2029D392009A2B66 /* Movie.swift */ = {isa = PBXFileReference; lastKnownFileType = sourcecode.swift; path = Movie.swift; sourceTree = "<group>"; };
/* End PBXFileReference section */

/* Begin PBXFrameworksBuildPhase section */
		C4E4B39E2029D00F009A2B66 /* Frameworks */ = {
			isa = PBXFrameworksBuildPhase;
			buildActionMask = 2147483647;
			files = (
			);
			runOnlyForDeploymentPostprocessing = 0;
		};
/* End PBXFrameworksBuildPhase section */

/* Begin PBXGroup section */
		C4E4B3982029D00F009A2B66 = {
			isa = PBXGroup;
			children = (
				C4E4B3A32029D00F009A2B66 /* MVVM */,
				C4E4B3A22029D00F009A2B66 /* Products */,
			);
			sourceTree = "<group>";
		};
		C4E4B3A22029D00F009A2B66 /* Products */ = {
			isa = PBXGroup;
			children = (
				C4E4B3A12029D00F009A2B66 /* MVVM.app */,
			);
			name = Products;
			sourceTree = "<group>";
		};
		C4E4B3A32029D00F009A2B66 /* MVVM */ = {
			isa = PBXGroup;
			children = (
				C4E4B3A42029D00F009A2B66 /* AppDelegate.swift */,
				C4E4B3A62029D00F009A2B66 /* ViewController.swift */,
				C4E4B3A82029D00F009A2B66 /* Main.storyboard */,
				C4E4B3AB2029D00F009A2B66 /* Assets.xcassets */,
				C4E4B3AD2029D00F009A2B66 /* LaunchScreen.storyboard */,
				C4E4B3B02029D00F009A2B66 /* Info.plist */,
				C4E4B3B62029D02C009A2B66 /* Dynamic.swift */,
				C4E4B3B82029D2E5009A2B66 /* MovieViewModel.swift */,
				C4E4B3BA2029D392009A2B66 /* Movie.swift */,
			);
			path = MVVM;
			sourceTree = "<group>";
		};
/* End PBXGroup section */

/* Begin PBXNativeTarget section */
		C4E4B3A02029D00F009A2B66 /* MVVM */ = {
			isa = PBXNativeTarget;
			buildConfigurationList = C4E4B3B32029D00F009A2B66 /* Build configuration list for PBXNativeTarget "MVVM" */;
			buildPhases = (
				C4E4B39D2029D00F009A2B66 /* Sources */,
				C4E4B39E2029D00F009A2B66 /* Frameworks */,
				C4E4B39F2029D00F009A2B66 /* Resources */,
			);
			buildRules = (
			);
			dependencies = (
			);
			name = MVVM;
			productName = MVVM;
			productReference = C4E4B3A12029D00F009A2B66 /* MVVM.app */;
			productType = "com.apple.product-type.application";
		};
/* End PBXNativeTarget section */

/* Begin PBXProject section */
		C4E4B3992029D00F009A2B66 /* Project object */ = {
			isa = PBXProject;
			attributes = {
				LastSwiftUpdateCheck = 0920;
				LastUpgradeCheck = 0920;
				ORGANIZATIONNAME = Farhad;
				TargetAttributes = {
					C4E4B3A02029D00F009A2B66 = {
						CreatedOnToolsVersion = 9.2;
						ProvisioningStyle = Automatic;
					};
				};
			};
			buildConfigurationList = C4E4B39C2029D00F009A2B66 /* Build configuration list for PBXProject "MVVM" */;
			compatibilityVersion = "Xcode 8.0";
			developmentRegion = en;
			hasScannedForEncodings = 0;
			knownRegions = (
				en,
				Base,
			);
			mainGroup = C4E4B3982029D00F009A2B66;
			productRefGroup = C4E4B3A22029D00F009A2B66 /* Products */;
			projectDirPath = "";
			projectRoot = "";
			targets = (
				C4E4B3A02029D00F009A2B66 /* MVVM */,
			);
		};
/* End PBXProject section */

/* Begin PBXResourcesBuildPhase section */
		C4E4B39F2029D00F009A2B66 /* Resources */ = {
			isa = PBXResourcesBuildPhase;
			buildActionMask = 2147483647;
			files = (
				C4E4B3AF2029D00F009A2B66 /* LaunchScreen.storyboard in Resources */,
				C4E4B3AC2029D00F009A2B66 /* Assets.xcassets in Resources */,
				C4E4B3AA2029D00F009A2B66 /* Main.storyboard in Resources */,
			);
			runOnlyForDeploymentPostprocessing = 0;
		};
/* End PBXResourcesBuildPhase section */

/* Begin PBXSourcesBuildPhase section */
		C4E4B39D2029D00F009A2B66 /* Sources */ = {
			isa = PBXSourcesBuildPhase;
			buildActionMask = 2147483647;
			files = (
				C4E4B3B72029D02C009A2B66 /* Dynamic.swift in Sources */,
				C4E4B3A72029D00F009A2B66 /* ViewController.swift in Sources */,
				C4E4B3A52029D00F009A2B66 /* AppDelegate.swift in Sources */,
				C4E4B3B92029D2E5009A2B66 /* MovieViewModel.swift in Sources */,
				C4E4B3BB2029D392009A2B66 /* Movie.swift in Sources */,
			);
			runOnlyForDeploymentPostprocessing = 0;
		};
/* End PBXSourcesBuildPhase section */

/* Begin PBXVariantGroup section */
		C4E4B3A82029D00F009A2B66 /* Main.storyboard */ = {
			isa = PBXVariantGroup;
			children = (
				C4E4B3A92029D00F009A2B66 /* Base */,
			);
			name = Main.storyboard;
			sourceTree = "<group>";
		};
		C4E4B3AD2029D00F009A2B66 /* LaunchScreen.storyboard */ = {
			isa = PBXVariantGroup;
			children = (
				C4E4B3AE2029D00F009A2B66 /* Base */,
			);
			name = LaunchScreen.storyboard;
			sourceTree = "<group>";
		};
/* End PBXVariantGroup section */

/* Begin XCBuildConfiguration section */
		C4E4B3B12029D00F009A2B66 /* Debug */ = {
			isa = XCBuildConfiguration;
			buildSettings = {
				ALWAYS_SEARCH_USER_PATHS = NO;
				CLANG_ANALYZER_NONNULL = YES;
				CLANG_ANALYZER_NUMBER_OBJECT_CONVERSION = YES_AGGRESSIVE;
				CLANG_CXX_LANGUAGE_STANDARD = "gnu++14";
				CLANG_CXX_LIBRARY = "libc++";
				CLANG_ENABLE_MODULES = YES;
				CLANG_ENABLE_OBJC_ARC = YES;
				CLANG_WARN_BLOCK_CAPTURE_AUTORELEASING = YES;
				CLANG_WARN_BOOL_CONVERSION = YES;
				CLANG_WARN_COMMA = YES;
				CLANG_WARN_CONSTANT_CONVERSION = YES;
				CLANG_WARN_DIRECT_OBJC_ISA_USAGE = YES_ERROR;
				CLANG_WARN_DOCUMENTATION_COMMENTS = YES;
				CLANG_WARN_EMPTY_BODY = YES;
				CLANG_WARN_ENUM_CONVERSION = YES;
				CLANG_WARN_INFINITE_RECURSION = YES;
				CLANG_WARN_INT_CONVERSION = YES;
				CLANG_WARN_NON_LITERAL_NULL_CONVERSION = YES;
				CLANG_WARN_OBJC_LITERAL_CONVERSION = YES;
				CLANG_WARN_OBJC_ROOT_CLASS = YES_ERROR;
				CLANG_WARN_RANGE_LOOP_ANALYSIS = YES;
				CLANG_WARN_STRICT_PROTOTYPES = YES;
				CLANG_WARN_SUSPICIOUS_MOVE = YES;
				CLANG_WARN_UNGUARDED_AVAILABILITY = YES_AGGRESSIVE;
				CLANG_WARN_UNREACHABLE_CODE = YES;
				CLANG_WARN__DUPLICATE_METHOD_MATCH = YES;
				CODE_SIGN_IDENTITY = "iPhone Developer";
				COPY_PHASE_STRIP = NO;
				DEBUG_INFORMATION_FORMAT = dwarf;
				ENABLE_STRICT_OBJC_MSGSEND = YES;
				ENABLE_TESTABILITY = YES;
				GCC_C_LANGUAGE_STANDARD = gnu11;
				GCC_DYNAMIC_NO_PIC = NO;
				GCC_NO_COMMON_BLOCKS = YES;
				GCC_OPTIMIZATION_LEVEL = 0;
				GCC_PREPROCESSOR_DEFINITIONS = (
					"DEBUG=1",
					"$(inherited)",
				);
				GCC_WARN_64_TO_32_BIT_CONVERSION = YES;
				GCC_WARN_ABOUT_RETURN_TYPE = YES_ERROR;
				GCC_WARN_UNDECLARED_SELECTOR = YES;
				GCC_WARN_UNINITIALIZED_AUTOS = YES_AGGRESSIVE;
				GCC_WARN_UNUSED_FUNCTION = YES;
				GCC_WARN_UNUSED_VARIABLE = YES;
				IPHONEOS_DEPLOYMENT_TARGET = 11.2;
				MTL_ENABLE_DEBUG_INFO = YES;
				ONLY_ACTIVE_ARCH = YES;
				SDKROOT = iphoneos;
				SWIFT_ACTIVE_COMPILATION_CONDITIONS = DEBUG;
				SWIFT_OPTIMIZATION_LEVEL = "-Onone";
			};
			name = Debug;
		};
		C4E4B3B22029D00F009A2B66 /* Release */ = {
			isa = XCBuildConfiguration;
			buildSettings = {
				ALWAYS_SEARCH_USER_PATHS = NO;
				CLANG_ANALYZER_NONNULL = YES;
				CLANG_ANALYZER_NUMBER_OBJECT_CONVERSION = YES_AGGRESSIVE;
				CLANG_CXX_LANGUAGE_STANDARD = "gnu++14";
				CLANG_CXX_LIBRARY = "libc++";
				CLANG_ENABLE_MODULES = YES;
				CLANG_ENABLE_OBJC_ARC = YES;
				CLANG_WARN_BLOCK_CAPTURE_AUTORELEASING = YES;
				CLANG_WARN_BOOL_CONVERSION = YES;
				CLANG_WARN_COMMA = YES;
				CLANG_WARN_CONSTANT_CONVERSION = YES;
				CLANG_WARN_DIRECT_OBJC_ISA_USAGE = YES_ERROR;
				CLANG_WARN_DOCUMENTATION_COMMENTS = YES;
				CLANG_WARN_EMPTY_BODY = YES;
				CLANG_WARN_ENUM_CONVERSION = YES;
				CLANG_WARN_INFINITE_RECURSION = YES;
				CLANG_WARN_INT_CONVERSION = YES;
				CLANG_WARN_NON_LITERAL_NULL_CONVERSION = YES;
				CLANG_WARN_OBJC_LITERAL_CONVERSION = YES;
				CLANG_WARN_OBJC_ROOT_CLASS = YES_ERROR;
				CLANG_WARN_RANGE_LOOP_ANALYSIS = YES;
				CLANG_WARN_STRICT_PROTOTYPES = YES;
				CLANG_WARN_SUSPICIOUS_MOVE = YES;
				CLANG_WARN_UNGUARDED_AVAILABILITY = YES_AGGRESSIVE;
				CLANG_WARN_UNREACHABLE_CODE = YES;
				CLANG_WARN__DUPLICATE_METHOD_MATCH = YES;
				CODE_SIGN_IDENTITY = "iPhone Developer";
				COPY_PHASE_STRIP = NO;
				DEBUG_INFORMATION_FORMAT = "dwarf-with-dsym";
				ENABLE_NS_ASSERTIONS = NO;
				ENABLE_STRICT_OBJC_MSGSEND = YES;
				GCC_C_LANGUAGE_STANDARD = gnu11;
				GCC_NO_COMMON_BLOCKS = YES;
				GCC_WARN_64_TO_32_BIT_CONVERSION = YES;
				GCC_WARN_ABOUT_RETURN_TYPE = YES_ERROR;
				GCC_WARN_UNDECLARED_SELECTOR = YES;
				GCC_WARN_UNINITIALIZED_AUTOS = YES_AGGRESSIVE;
				GCC_WARN_UNUSED_FUNCTION = YES;
				GCC_WARN_UNUSED_VARIABLE = YES;
				IPHONEOS_DEPLOYMENT_TARGET = 11.2;
				MTL_ENABLE_DEBUG_INFO = NO;
				SDKROOT = iphoneos;
				SWIFT_OPTIMIZATION_LEVEL = "-Owholemodule";
				VALIDATE_PRODUCT = YES;
			};
			name = Release;
		};
		C4E4B3B42029D00F009A2B66 /* Debug */ = {
			isa = XCBuildConfiguration;
			buildSettings = {
				ASSETCATALOG_COMPILER_APPICON_NAME = AppIcon;
				CODE_SIGN_STYLE = Automatic;
				INFOPLIST_FILE = MVVM/Info.plist;
				LD_RUNPATH_SEARCH_PATHS = "$(inherited) @executable_path/Frameworks";
				PRODUCT_BUNDLE_IDENTIFIER = com.shatel.MVVM;
				PRODUCT_NAME = "$(TARGET_NAME)";
				SWIFT_VERSION = 4.0;
				TARGETED_DEVICE_FAMILY = "1,2";
			};
			name = Debug;
		};
		C4E4B3B52029D00F009A2B66 /* Release */ = {
			isa = XCBuildConfiguration;
			buildSettings = {
				ASSETCATALOG_COMPILER_APPICON_NAME = AppIcon;
				CODE_SIGN_STYLE = Automatic;
				INFOPLIST_FILE = MVVM/Info.plist;
				LD_RUNPATH_SEARCH_PATHS = "$(inherited) @executable_path/Frameworks";
				PRODUCT_BUNDLE_IDENTIFIER = com.shatel.MVVM;
				PRODUCT_NAME = "$(TARGET_NAME)";
				SWIFT_VERSION = 4.0;
				TARGETED_DEVICE_FAMILY = "1,2";
			};
			name = Release;
		};
/* End XCBuildConfiguration section */

/* Begin XCConfigurationList section */
		C4E4B39C2029D00F009A2B66 /* Build configuration list for PBXProject "MVVM" */ = {
			isa = XCConfigurationList;
			buildConfigurations = (
				C4E4B3B12029D00F009A2B66 /* Debug */,
				C4E4B3B22029D00F009A2B66 /* Release */,
			);
			defaultConfigurationIsVisible = 0;
			defaultConfigurationName = Release;
		};
		C4E4B3B32029D00F009A2B66 /* Build configuration list for PBXNativeTarget "MVVM" */ = {
			isa = XCConfigurationList;
			buildConfigurations = (
				C4E4B3B42029D00F009A2B66 /* Debug */,
				C4E4B3B52029D00F009A2B66 /* Release */,
			);
			defaultConfigurationIsVisible = 0;
			defaultConfigurationName = Release;
		};
/* End XCConfigurationList section */
	};
	rootObject = C4E4B3992029D00F009A2B66 /* Project object */;
}
