// !$*UTF8*$!
{
	archiveVersion = 1;
	classes = {
	};
	objectVersion = 48;
	objects = {

/* Begin PBXBuildFile section */
		E236542D201FF76100D5C7FF /* AppDelegate.swift in Sources */ = {isa = PBXBuildFile; fileRef = E236542C201FF76100D5C7FF /* AppDelegate.swift */; };
		E236542F201FF76100D5C7FF /* ViewController.swift in Sources */ = {isa = PBXBuildFile; fileRef = E236542E201FF76100D5C7FF /* ViewController.swift */; };
		E2365432201FF76100D5C7FF /* Main.storyboard in Resources */ = {isa = PBXBuildFile; fileRef = E2365430201FF76100D5C7FF /* Main.storyboard */; };
		E2365434201FF76100D5C7FF /* Assets.xcassets in Resources */ = {isa = PBXBuildFile; fileRef = E2365433201FF76100D5C7FF /* Assets.xcassets */; };
		E2365437201FF76100D5C7FF /* LaunchScreen.storyboard in Resources */ = {isa = PBXBuildFile; fileRef = E2365435201FF76100D5C7FF /* LaunchScreen.storyboard */; };
		E236543F201FF77100D5C7FF /* EasyShadowView.swift in Sources */ = {isa = PBXBuildFile; fileRef = E236543E201FF77100D5C7FF /* EasyShadowView.swift */; };
/* End PBXBuildFile section */

/* Begin PBXFileReference section */
		E2365429201FF76100D5C7FF /* EasyShadow.app */ = {isa = PBXFileReference; explicitFileType = wrapper.application; includeInIndex = 0; path = EasyShadow.app; sourceTree = BUILT_PRODUCTS_DIR; };
		E236542C201FF76100D5C7FF /* AppDelegate.swift */ = {isa = PBXFileReference; lastKnownFileType = sourcecode.swift; path = AppDelegate.swift; sourceTree = "<group>"; };
		E236542E201FF76100D5C7FF /* ViewController.swift */ = {isa = PBXFileReference; lastKnownFileType = sourcecode.swift; path = ViewController.swift; sourceTree = "<group>"; };
		E2365431201FF76100D5C7FF /* Base */ = {isa = PBXFileReference; lastKnownFileType = file.storyboard; name = Base; path = Base.lproj/Main.storyboard; sourceTree = "<group>"; };
		E2365433201FF76100D5C7FF /* Assets.xcassets */ = {isa = PBXFileReference; lastKnownFileType = folder.assetcatalog; path = Assets.xcassets; sourceTree = "<group>"; };
		E2365436201FF76100D5C7FF /* Base */ = {isa = PBXFileReference; lastKnownFileType = file.storyboard; name = Base; path = Base.lproj/LaunchScreen.storyboard; sourceTree = "<group>"; };
		E2365438201FF76100D5C7FF /* Info.plist */ = {isa = PBXFileReference; lastKnownFileType = text.plist.xml; path = Info.plist; sourceTree = "<group>"; };
		E236543E201FF77100D5C7FF /* EasyShadowView.swift */ = {isa = PBXFileReference; lastKnownFileType = sourcecode.swift; path = EasyShadowView.swift; sourceTree = "<group>"; };
/* End PBXFileReference section */

/* Begin PBXFrameworksBuildPhase section */
		E2365426201FF76100D5C7FF /* Frameworks */ = {
			isa = PBXFrameworksBuildPhase;
			buildActionMask = 2147483647;
			files = (
			);
			runOnlyForDeploymentPostprocessing = 0;
		};
/* End PBXFrameworksBuildPhase section */

/* Begin PBXGroup section */
		E2365420201FF76000D5C7FF = {
			isa = PBXGroup;
			children = (
				E236542B201FF76100D5C7FF /* EasyShadow */,
				E236542A201FF76100D5C7FF /* Products */,
			);
			sourceTree = "<group>";
		};
		E236542A201FF76100D5C7FF /* Products */ = {
			isa = PBXGroup;
			children = (
				E2365429201FF76100D5C7FF /* EasyShadow.app */,
			);
			name = Products;
			sourceTree = "<group>";
		};
		E236542B201FF76100D5C7FF /* EasyShadow */ = {
			isa = PBXGroup;
			children = (
				E236542C201FF76100D5C7FF /* AppDelegate.swift */,
				E236542E201FF76100D5C7FF /* ViewController.swift */,
				E2365430201FF76100D5C7FF /* Main.storyboard */,
				E2365433201FF76100D5C7FF /* Assets.xcassets */,
				E2365435201FF76100D5C7FF /* LaunchScreen.storyboard */,
				E2365438201FF76100D5C7FF /* Info.plist */,
				E236543E201FF77100D5C7FF /* EasyShadowView.swift */,
			);
			path = EasyShadow;
			sourceTree = "<group>";
		};
/* End PBXGroup section */

/* Begin PBXNativeTarget section */
		E2365428201FF76100D5C7FF /* EasyShadow */ = {
			isa = PBXNativeTarget;
			buildConfigurationList = E236543B201FF76100D5C7FF /* Build configuration list for PBXNativeTarget "EasyShadow" */;
			buildPhases = (
				E2365425201FF76100D5C7FF /* Sources */,
				E2365426201FF76100D5C7FF /* Frameworks */,
				E2365427201FF76100D5C7FF /* Resources */,
			);
			buildRules = (
			);
			dependencies = (
			);
			name = EasyShadow;
			productName = EasyShadow;
			productReference = E2365429201FF76100D5C7FF /* EasyShadow.app */;
			productType = "com.apple.product-type.application";
		};
/* End PBXNativeTarget section */

/* Begin PBXProject section */
		E2365421201FF76000D5C7FF /* Project object */ = {
			isa = PBXProject;
			attributes = {
				LastSwiftUpdateCheck = 0920;
				LastUpgradeCheck = 0920;
				ORGANIZATIONNAME = "Erfan Seyyedi";
				TargetAttributes = {
					E2365428201FF76100D5C7FF = {
						CreatedOnToolsVersion = 9.2;
						ProvisioningStyle = Automatic;
					};
				};
			};
			buildConfigurationList = E2365424201FF76000D5C7FF /* Build configuration list for PBXProject "EasyShadow" */;
			compatibilityVersion = "Xcode 8.0";
			developmentRegion = en;
			hasScannedForEncodings = 0;
			knownRegions = (
				en,
				Base,
			);
			mainGroup = E2365420201FF76000D5C7FF;
			productRefGroup = E236542A201FF76100D5C7FF /* Products */;
			projectDirPath = "";
			projectRoot = "";
			targets = (
				E2365428201FF76100D5C7FF /* EasyShadow */,
			);
		};
/* End PBXProject section */

/* Begin PBXResourcesBuildPhase section */
		E2365427201FF76100D5C7FF /* Resources */ = {
			isa = PBXResourcesBuildPhase;
			buildActionMask = 2147483647;
			files = (
				E2365437201FF76100D5C7FF /* LaunchScreen.storyboard in Resources */,
				E2365434201FF76100D5C7FF /* Assets.xcassets in Resources */,
				E2365432201FF76100D5C7FF /* Main.storyboard in Resources */,
			);
			runOnlyForDeploymentPostprocessing = 0;
		};
/* End PBXResourcesBuildPhase section */

/* Begin PBXSourcesBuildPhase section */
		E2365425201FF76100D5C7FF /* Sources */ = {
			isa = PBXSourcesBuildPhase;
			buildActionMask = 2147483647;
			files = (
				E236542F201FF76100D5C7FF /* ViewController.swift in Sources */,
				E236543F201FF77100D5C7FF /* EasyShadowView.swift in Sources */,
				E236542D201FF76100D5C7FF /* AppDelegate.swift in Sources */,
			);
			runOnlyForDeploymentPostprocessing = 0;
		};
/* End PBXSourcesBuildPhase section */

/* Begin PBXVariantGroup section */
		E2365430201FF76100D5C7FF /* Main.storyboard */ = {
			isa = PBXVariantGroup;
			children = (
				E2365431201FF76100D5C7FF /* Base */,
			);
			name = Main.storyboard;
			sourceTree = "<group>";
		};
		E2365435201FF76100D5C7FF /* LaunchScreen.storyboard */ = {
			isa = PBXVariantGroup;
			children = (
				E2365436201FF76100D5C7FF /* Base */,
			);
			name = LaunchScreen.storyboard;
			sourceTree = "<group>";
		};
/* End PBXVariantGroup section */

/* Begin XCBuildConfiguration section */
		E2365439201FF76100D5C7FF /* Debug */ = {
			isa = XCBuildConfiguration;
			buildSettings = {
				ALWAYS_SEARCH_USER_PATHS = NO;
				CLANG_ANALYZER_NONNULL = YES;
				CLANG_ANALYZER_NUMBER_OBJECT_CONVERSION = YES_AGGRESSIVE;
				CLANG_CXX_LANGUAGE_STANDARD = "gnu++14";
				CLANG_CXX_LIBRARY = "libc++";
				CLANG_ENABLE_MODULES = YES;
				CLANG_ENABLE_OBJC_ARC = YES;
				CLANG_WARN_BLOCK_CAPTURE_AUTORELEASING = YES;
				CLANG_WARN_BOOL_CONVERSION = YES;
				CLANG_WARN_COMMA = YES;
				CLANG_WARN_CONSTANT_CONVERSION = YES;
				CLANG_WARN_DIRECT_OBJC_ISA_USAGE = YES_ERROR;
				CLANG_WARN_DOCUMENTATION_COMMENTS = YES;
				CLANG_WARN_EMPTY_BODY = YES;
				CLANG_WARN_ENUM_CONVERSION = YES;
				CLANG_WARN_INFINITE_RECURSION = YES;
				CLANG_WARN_INT_CONVERSION = YES;
				CLANG_WARN_NON_LITERAL_NULL_CONVERSION = YES;
				CLANG_WARN_OBJC_LITERAL_CONVERSION = YES;
				CLANG_WARN_OBJC_ROOT_CLASS = YES_ERROR;
				CLANG_WARN_RANGE_LOOP_ANALYSIS = YES;
				CLANG_WARN_STRICT_PROTOTYPES = YES;
				CLANG_WARN_SUSPICIOUS_MOVE = YES;
				CLANG_WARN_UNGUARDED_AVAILABILITY = YES_AGGRESSIVE;
				CLANG_WARN_UNREACHABLE_CODE = YES;
				CLANG_WARN__DUPLICATE_METHOD_MATCH = YES;
				CODE_SIGN_IDENTITY = "iPhone Developer";
				COPY_PHASE_STRIP = NO;
				DEBUG_INFORMATION_FORMAT = dwarf;
				ENABLE_STRICT_OBJC_MSGSEND = YES;
				ENABLE_TESTABILITY = YES;
				GCC_C_LANGUAGE_STANDARD = gnu11;
				GCC_DYNAMIC_NO_PIC = NO;
				GCC_NO_COMMON_BLOCKS = YES;
				GCC_OPTIMIZATION_LEVEL = 0;
				GCC_PREPROCESSOR_DEFINITIONS = (
					"DEBUG=1",
					"$(inherited)",
				);
				GCC_WARN_64_TO_32_BIT_CONVERSION = YES;
				GCC_WARN_ABOUT_RETURN_TYPE = YES_ERROR;
				GCC_WARN_UNDECLARED_SELECTOR = YES;
				GCC_WARN_UNINITIALIZED_AUTOS = YES_AGGRESSIVE;
				GCC_WARN_UNUSED_FUNCTION = YES;
				GCC_WARN_UNUSED_VARIABLE = YES;
				IPHONEOS_DEPLOYMENT_TARGET = 11.2;
				MTL_ENABLE_DEBUG_INFO = YES;
				ONLY_ACTIVE_ARCH = YES;
				SDKROOT = iphoneos;
				SWIFT_ACTIVE_COMPILATION_CONDITIONS = DEBUG;
				SWIFT_OPTIMIZATION_LEVEL = "-Onone";
			};
			name = Debug;
		};
		E236543A201FF76100D5C7FF /* Release */ = {
			isa = XCBuildConfiguration;
			buildSettings = {
				ALWAYS_SEARCH_USER_PATHS = NO;
				CLANG_ANALYZER_NONNULL = YES;
				CLANG_ANALYZER_NUMBER_OBJECT_CONVERSION = YES_AGGRESSIVE;
				CLANG_CXX_LANGUAGE_STANDARD = "gnu++14";
				CLANG_CXX_LIBRARY = "libc++";
				CLANG_ENABLE_MODULES = YES;
				CLANG_ENABLE_OBJC_ARC = YES;
				CLANG_WARN_BLOCK_CAPTURE_AUTORELEASING = YES;
				CLANG_WARN_BOOL_CONVERSION = YES;
				CLANG_WARN_COMMA = YES;
				CLANG_WARN_CONSTANT_CONVERSION = YES;
				CLANG_WARN_DIRECT_OBJC_ISA_USAGE = YES_ERROR;
				CLANG_WARN_DOCUMENTATION_COMMENTS = YES;
				CLANG_WARN_EMPTY_BODY = YES;
				CLANG_WARN_ENUM_CONVERSION = YES;
				CLANG_WARN_INFINITE_RECURSION = YES;
				CLANG_WARN_INT_CONVERSION = YES;
				CLANG_WARN_NON_LITERAL_NULL_CONVERSION = YES;
				CLANG_WARN_OBJC_LITERAL_CONVERSION = YES;
				CLANG_WARN_OBJC_ROOT_CLASS = YES_ERROR;
				CLANG_WARN_RANGE_LOOP_ANALYSIS = YES;
				CLANG_WARN_STRICT_PROTOTYPES = YES;
				CLANG_WARN_SUSPICIOUS_MOVE = YES;
				CLANG_WARN_UNGUARDED_AVAILABILITY = YES_AGGRESSIVE;
				CLANG_WARN_UNREACHABLE_CODE = YES;
				CLANG_WARN__DUPLICATE_METHOD_MATCH = YES;
				CODE_SIGN_IDENTITY = "iPhone Developer";
				COPY_PHASE_STRIP = NO;
				DEBUG_INFORMATION_FORMAT = "dwarf-with-dsym";
				ENABLE_NS_ASSERTIONS = NO;
				ENABLE_STRICT_OBJC_MSGSEND = YES;
				GCC_C_LANGUAGE_STANDARD = gnu11;
				GCC_NO_COMMON_BLOCKS = YES;
				GCC_WARN_64_TO_32_BIT_CONVERSION = YES;
				GCC_WARN_ABOUT_RETURN_TYPE = YES_ERROR;
				GCC_WARN_UNDECLARED_SELECTOR = YES;
				GCC_WARN_UNINITIALIZED_AUTOS = YES_AGGRESSIVE;
				GCC_WARN_UNUSED_FUNCTION = YES;
				GCC_WARN_UNUSED_VARIABLE = YES;
				IPHONEOS_DEPLOYMENT_TARGET = 11.2;
				MTL_ENABLE_DEBUG_INFO = NO;
				SDKROOT = iphoneos;
				SWIFT_OPTIMIZATION_LEVEL = "-Owholemodule";
				VALIDATE_PRODUCT = YES;
			};
			name = Release;
		};
		E236543C201FF76100D5C7FF /* Debug */ = {
			isa = XCBuildConfiguration;
			buildSettings = {
				ASSETCATALOG_COMPILER_APPICON_NAME = AppIcon;
				CODE_SIGN_STYLE = Automatic;
				INFOPLIST_FILE = EasyShadow/Info.plist;
				LD_RUNPATH_SEARCH_PATHS = "$(inherited) @executable_path/Frameworks";
				PRODUCT_BUNDLE_IDENTIFIER = com.nserfan.EasyShadow;
				PRODUCT_NAME = "$(TARGET_NAME)";
				SWIFT_VERSION = 4.0;
				TARGETED_DEVICE_FAMILY = "1,2";
			};
			name = Debug;
		};
		E236543D201FF76100D5C7FF /* Release */ = {
			isa = XCBuildConfiguration;
			buildSettings = {
				ASSETCATALOG_COMPILER_APPICON_NAME = AppIcon;
				CODE_SIGN_STYLE = Automatic;
				INFOPLIST_FILE = EasyShadow/Info.plist;
				LD_RUNPATH_SEARCH_PATHS = "$(inherited) @executable_path/Frameworks";
				PRODUCT_BUNDLE_IDENTIFIER = com.nserfan.EasyShadow;
				PRODUCT_NAME = "$(TARGET_NAME)";
				SWIFT_VERSION = 4.0;
				TARGETED_DEVICE_FAMILY = "1,2";
			};
			name = Release;
		};
/* End XCBuildConfiguration section */

/* Begin XCConfigurationList section */
		E2365424201FF76000D5C7FF /* Build configuration list for PBXProject "EasyShadow" */ = {
			isa = XCConfigurationList;
			buildConfigurations = (
				E2365439201FF76100D5C7FF /* Debug */,
				E236543A201FF76100D5C7FF /* Release */,
			);
			defaultConfigurationIsVisible = 0;
			defaultConfigurationName = Release;
		};
		E236543B201FF76100D5C7FF /* Build configuration list for PBXNativeTarget "EasyShadow" */ = {
			isa = XCConfigurationList;
			buildConfigurations = (
				E236543C201FF76100D5C7FF /* Debug */,
				E236543D201FF76100D5C7FF /* Release */,
			);
			defaultConfigurationIsVisible = 0;
			defaultConfigurationName = Release;
		};
/* End XCConfigurationList section */
	};
	rootObject = E2365421201FF76000D5C7FF /* Project object */;
}
